// !$*UTF8*$!
{
	archiveVersion = 1;
	classes = {
	};
	objectVersion = 48;
	objects = {

/* Begin PBXBuildFile section */
		1C7013A11F7A9A8600D88980 /* AddComicTableViewController.swift in Sources */ = {isa = PBXBuildFile; fileRef = 1C70139F1F7A9A8600D88980 /* AddComicTableViewController.swift */; };
		1C7013A21F7A9A8600D88980 /* AddComicTableViewController.xib in Resources */ = {isa = PBXBuildFile; fileRef = 1C7013A01F7A9A8600D88980 /* AddComicTableViewController.xib */; };
		1C7013A51F7A9AE600D88980 /* AddCoverTableViewCell.swift in Sources */ = {isa = PBXBuildFile; fileRef = 1C7013A31F7A9AE600D88980 /* AddCoverTableViewCell.swift */; };
		1C7013A61F7A9AE600D88980 /* AddCoverTableViewCell.xib in Resources */ = {isa = PBXBuildFile; fileRef = 1C7013A41F7A9AE600D88980 /* AddCoverTableViewCell.xib */; };
		1CAFFC671F797FA200B79F11 /* AppDelegate.swift in Sources */ = {isa = PBXBuildFile; fileRef = 1CAFFC661F797FA200B79F11 /* AppDelegate.swift */; };
		1CAFFC6E1F797FA200B79F11 /* Assets.xcassets in Resources */ = {isa = PBXBuildFile; fileRef = 1CAFFC6D1F797FA200B79F11 /* Assets.xcassets */; };
		1CAFFC711F797FA200B79F11 /* LaunchScreen.storyboard in Resources */ = {isa = PBXBuildFile; fileRef = 1CAFFC6F1F797FA200B79F11 /* LaunchScreen.storyboard */; };
		1CAFFC7C1F797FA200B79F11 /* lucien_iosTests.swift in Sources */ = {isa = PBXBuildFile; fileRef = 1CAFFC7B1F797FA200B79F11 /* lucien_iosTests.swift */; };
		1CAFFC871F797FA200B79F11 /* lucien_iosUITests.swift in Sources */ = {isa = PBXBuildFile; fileRef = 1CAFFC861F797FA200B79F11 /* lucien_iosUITests.swift */; };
		1CDB6A221F7995EC003A2BB1 /* StartMyCollectionViewController.swift in Sources */ = {isa = PBXBuildFile; fileRef = 1CDB6A201F7995EC003A2BB1 /* StartMyCollectionViewController.swift */; };
		1CDB6A231F7995EC003A2BB1 /* StartMyCollectionViewController.xib in Resources */ = {isa = PBXBuildFile; fileRef = 1CDB6A211F7995EC003A2BB1 /* StartMyCollectionViewController.xib */; };
		991B58C032595B40ADDCFCC7 /* Pods_lucien_ios.framework in Frameworks */ = {isa = PBXBuildFile; fileRef = 964D4E26A56CF8BC634B2BBD /* Pods_lucien_ios.framework */; };
		A59B2FE58EB5BC7B617AB83F /* Pods_lucien_iosUITests.framework in Frameworks */ = {isa = PBXBuildFile; fileRef = 0D057BF04BE0EAF45ED19F37 /* Pods_lucien_iosUITests.framework */; };
		EC0F6CA4839D3BF363E4EE9E /* Pods_lucien_iosTests.framework in Frameworks */ = {isa = PBXBuildFile; fileRef = 074BF9F99258AD884EC6794A /* Pods_lucien_iosTests.framework */; };
		FB6B911B1F7C195000910B49 /* AnimatedTransition.swift in Sources */ = {isa = PBXBuildFile; fileRef = FB6B911A1F7C195000910B49 /* AnimatedTransition.swift */; };
		FBD844431F798B1D00A8E352 /* RootViewController.swift in Sources */ = {isa = PBXBuildFile; fileRef = FBD844411F798B1D00A8E352 /* RootViewController.swift */; };
		FBD844441F798B1D00A8E352 /* RootViewController.xib in Resources */ = {isa = PBXBuildFile; fileRef = FBD844421F798B1D00A8E352 /* RootViewController.xib */; };
/* End PBXBuildFile section */

/* Begin PBXContainerItemProxy section */
		1CAFFC781F797FA200B79F11 /* PBXContainerItemProxy */ = {
			isa = PBXContainerItemProxy;
			containerPortal = 1CAFFC5B1F797FA200B79F11 /* Project object */;
			proxyType = 1;
			remoteGlobalIDString = 1CAFFC621F797FA200B79F11;
			remoteInfo = "lucien-ios";
		};
		1CAFFC831F797FA200B79F11 /* PBXContainerItemProxy */ = {
			isa = PBXContainerItemProxy;
			containerPortal = 1CAFFC5B1F797FA200B79F11 /* Project object */;
			proxyType = 1;
			remoteGlobalIDString = 1CAFFC621F797FA200B79F11;
			remoteInfo = "lucien-ios";
		};
/* End PBXContainerItemProxy section */

/* Begin PBXFileReference section */
		074BF9F99258AD884EC6794A /* Pods_lucien_iosTests.framework */ = {isa = PBXFileReference; explicitFileType = wrapper.framework; includeInIndex = 0; path = Pods_lucien_iosTests.framework; sourceTree = BUILT_PRODUCTS_DIR; };
		0D057BF04BE0EAF45ED19F37 /* Pods_lucien_iosUITests.framework */ = {isa = PBXFileReference; explicitFileType = wrapper.framework; includeInIndex = 0; path = Pods_lucien_iosUITests.framework; sourceTree = BUILT_PRODUCTS_DIR; };
		1C70139F1F7A9A8600D88980 /* AddComicTableViewController.swift */ = {isa = PBXFileReference; lastKnownFileType = sourcecode.swift; path = AddComicTableViewController.swift; sourceTree = "<group>"; };
		1C7013A01F7A9A8600D88980 /* AddComicTableViewController.xib */ = {isa = PBXFileReference; lastKnownFileType = file.xib; path = AddComicTableViewController.xib; sourceTree = "<group>"; };
		1C7013A31F7A9AE600D88980 /* AddCoverTableViewCell.swift */ = {isa = PBXFileReference; lastKnownFileType = sourcecode.swift; path = AddCoverTableViewCell.swift; sourceTree = "<group>"; };
		1C7013A41F7A9AE600D88980 /* AddCoverTableViewCell.xib */ = {isa = PBXFileReference; lastKnownFileType = file.xib; path = AddCoverTableViewCell.xib; sourceTree = "<group>"; };
		1CAFFC631F797FA200B79F11 /* lucien-ios.app */ = {isa = PBXFileReference; explicitFileType = wrapper.application; includeInIndex = 0; path = "lucien-ios.app"; sourceTree = BUILT_PRODUCTS_DIR; };
		1CAFFC661F797FA200B79F11 /* AppDelegate.swift */ = {isa = PBXFileReference; lastKnownFileType = sourcecode.swift; path = AppDelegate.swift; sourceTree = "<group>"; };
		1CAFFC6D1F797FA200B79F11 /* Assets.xcassets */ = {isa = PBXFileReference; lastKnownFileType = folder.assetcatalog; path = Assets.xcassets; sourceTree = "<group>"; };
		1CAFFC701F797FA200B79F11 /* Base */ = {isa = PBXFileReference; lastKnownFileType = file.storyboard; name = Base; path = Base.lproj/LaunchScreen.storyboard; sourceTree = "<group>"; };
		1CAFFC721F797FA200B79F11 /* Info.plist */ = {isa = PBXFileReference; lastKnownFileType = text.plist.xml; path = Info.plist; sourceTree = "<group>"; };
		1CAFFC771F797FA200B79F11 /* lucien-iosTests.xctest */ = {isa = PBXFileReference; explicitFileType = wrapper.cfbundle; includeInIndex = 0; path = "lucien-iosTests.xctest"; sourceTree = BUILT_PRODUCTS_DIR; };
		1CAFFC7B1F797FA200B79F11 /* lucien_iosTests.swift */ = {isa = PBXFileReference; lastKnownFileType = sourcecode.swift; path = lucien_iosTests.swift; sourceTree = "<group>"; };
		1CAFFC7D1F797FA200B79F11 /* Info.plist */ = {isa = PBXFileReference; lastKnownFileType = text.plist.xml; path = Info.plist; sourceTree = "<group>"; };
		1CAFFC821F797FA200B79F11 /* lucien-iosUITests.xctest */ = {isa = PBXFileReference; explicitFileType = wrapper.cfbundle; includeInIndex = 0; path = "lucien-iosUITests.xctest"; sourceTree = BUILT_PRODUCTS_DIR; };
		1CAFFC861F797FA200B79F11 /* lucien_iosUITests.swift */ = {isa = PBXFileReference; lastKnownFileType = sourcecode.swift; path = lucien_iosUITests.swift; sourceTree = "<group>"; };
		1CAFFC881F797FA200B79F11 /* Info.plist */ = {isa = PBXFileReference; lastKnownFileType = text.plist.xml; path = Info.plist; sourceTree = "<group>"; };
		1CDB6A201F7995EC003A2BB1 /* StartMyCollectionViewController.swift */ = {isa = PBXFileReference; lastKnownFileType = sourcecode.swift; path = StartMyCollectionViewController.swift; sourceTree = "<group>"; };
		1CDB6A211F7995EC003A2BB1 /* StartMyCollectionViewController.xib */ = {isa = PBXFileReference; lastKnownFileType = file.xib; path = StartMyCollectionViewController.xib; sourceTree = "<group>"; };
		2083B8809618B8D581195F54 /* Pods-lucien-iosTests.debug.xcconfig */ = {isa = PBXFileReference; includeInIndex = 1; lastKnownFileType = text.xcconfig; name = "Pods-lucien-iosTests.debug.xcconfig"; path = "Pods/Target Support Files/Pods-lucien-iosTests/Pods-lucien-iosTests.debug.xcconfig"; sourceTree = "<group>"; };
		20D48F3384B15989F6E46E08 /* Pods-lucien-ios.debug.xcconfig */ = {isa = PBXFileReference; includeInIndex = 1; lastKnownFileType = text.xcconfig; name = "Pods-lucien-ios.debug.xcconfig"; path = "Pods/Target Support Files/Pods-lucien-ios/Pods-lucien-ios.debug.xcconfig"; sourceTree = "<group>"; };
		24966642CEA9E5D05286C959 /* Pods-lucien-iosUITests.debug.xcconfig */ = {isa = PBXFileReference; includeInIndex = 1; lastKnownFileType = text.xcconfig; name = "Pods-lucien-iosUITests.debug.xcconfig"; path = "Pods/Target Support Files/Pods-lucien-iosUITests/Pods-lucien-iosUITests.debug.xcconfig"; sourceTree = "<group>"; };
		92F8CFA7BEAAC5917239D13C /* Pods-lucien-ios.release.xcconfig */ = {isa = PBXFileReference; includeInIndex = 1; lastKnownFileType = text.xcconfig; name = "Pods-lucien-ios.release.xcconfig"; path = "Pods/Target Support Files/Pods-lucien-ios/Pods-lucien-ios.release.xcconfig"; sourceTree = "<group>"; };
		964D4E26A56CF8BC634B2BBD /* Pods_lucien_ios.framework */ = {isa = PBXFileReference; explicitFileType = wrapper.framework; includeInIndex = 0; path = Pods_lucien_ios.framework; sourceTree = BUILT_PRODUCTS_DIR; };
		D0155DB8A114746D5EAA07B7 /* Pods-lucien-iosUITests.release.xcconfig */ = {isa = PBXFileReference; includeInIndex = 1; lastKnownFileType = text.xcconfig; name = "Pods-lucien-iosUITests.release.xcconfig"; path = "Pods/Target Support Files/Pods-lucien-iosUITests/Pods-lucien-iosUITests.release.xcconfig"; sourceTree = "<group>"; };
		E8801CCEE845676EFB1D691F /* Pods-lucien-iosTests.release.xcconfig */ = {isa = PBXFileReference; includeInIndex = 1; lastKnownFileType = text.xcconfig; name = "Pods-lucien-iosTests.release.xcconfig"; path = "Pods/Target Support Files/Pods-lucien-iosTests/Pods-lucien-iosTests.release.xcconfig"; sourceTree = "<group>"; };
		FB6B911A1F7C195000910B49 /* AnimatedTransition.swift */ = {isa = PBXFileReference; lastKnownFileType = sourcecode.swift; name = AnimatedTransition.swift; path = "lucien-ios/AnimatedTransition.swift"; sourceTree = SOURCE_ROOT; };
		FBD844411F798B1D00A8E352 /* RootViewController.swift */ = {isa = PBXFileReference; lastKnownFileType = sourcecode.swift; path = RootViewController.swift; sourceTree = "<group>"; };
		FBD844421F798B1D00A8E352 /* RootViewController.xib */ = {isa = PBXFileReference; lastKnownFileType = file.xib; path = RootViewController.xib; sourceTree = "<group>"; };
		FBD844451F799A6F00A8E352 /* lucien-ios-Bridging-Header.h */ = {isa = PBXFileReference; lastKnownFileType = sourcecode.c.h; path = "lucien-ios-Bridging-Header.h"; sourceTree = "<group>"; };
/* End PBXFileReference section */

/* Begin PBXFrameworksBuildPhase section */
		1CAFFC601F797FA200B79F11 /* Frameworks */ = {
			isa = PBXFrameworksBuildPhase;
			buildActionMask = 2147483647;
			files = (
				991B58C032595B40ADDCFCC7 /* Pods_lucien_ios.framework in Frameworks */,
			);
			runOnlyForDeploymentPostprocessing = 0;
		};
		1CAFFC741F797FA200B79F11 /* Frameworks */ = {
			isa = PBXFrameworksBuildPhase;
			buildActionMask = 2147483647;
			files = (
				EC0F6CA4839D3BF363E4EE9E /* Pods_lucien_iosTests.framework in Frameworks */,
			);
			runOnlyForDeploymentPostprocessing = 0;
		};
		1CAFFC7F1F797FA200B79F11 /* Frameworks */ = {
			isa = PBXFrameworksBuildPhase;
			buildActionMask = 2147483647;
			files = (
				A59B2FE58EB5BC7B617AB83F /* Pods_lucien_iosUITests.framework in Frameworks */,
			);
			runOnlyForDeploymentPostprocessing = 0;
		};
/* End PBXFrameworksBuildPhase section */

/* Begin PBXGroup section */
		1C7E9F911F7994050061EFF6 /* StartMyCollection */ = {
			isa = PBXGroup;
			children = (
				1CDB6A201F7995EC003A2BB1 /* StartMyCollectionViewController.swift */,
				1CDB6A211F7995EC003A2BB1 /* StartMyCollectionViewController.xib */,
			);
			path = StartMyCollection;
			sourceTree = "<group>";
		};
		1CAFFC5A1F797FA200B79F11 = {
			isa = PBXGroup;
			children = (
				1CAFFC651F797FA200B79F11 /* lucien-ios */,
				1CAFFC7A1F797FA200B79F11 /* lucien-iosTests */,
				1CAFFC851F797FA200B79F11 /* lucien-iosUITests */,
				1CAFFC641F797FA200B79F11 /* Products */,
				E4B55E31005133758D7C61EE /* Pods */,
				7FC9B6FD7C10765DEEAB2ACE /* Frameworks */,
			);
			sourceTree = "<group>";
		};
		1CAFFC641F797FA200B79F11 /* Products */ = {
			isa = PBXGroup;
			children = (
				1CAFFC631F797FA200B79F11 /* lucien-ios.app */,
				1CAFFC771F797FA200B79F11 /* lucien-iosTests.xctest */,
				1CAFFC821F797FA200B79F11 /* lucien-iosUITests.xctest */,
			);
			name = Products;
			sourceTree = "<group>";
		};
		1CAFFC651F797FA200B79F11 /* lucien-ios */ = {
			isa = PBXGroup;
			children = (
				1CAFFC661F797FA200B79F11 /* AppDelegate.swift */,
				1CAFFC6D1F797FA200B79F11 /* Assets.xcassets */,
				1CAFFC6F1F797FA200B79F11 /* LaunchScreen.storyboard */,
				1CAFFC721F797FA200B79F11 /* Info.plist */,
				FB6B91191F7BEE9900910B49 /* LoginScreen */,
				1C7E9F911F7994050061EFF6 /* StartMyCollection */,
				FBD844451F799A6F00A8E352 /* lucien-ios-Bridging-Header.h */,
				1CDB6A251F79A52D003A2BB1 /* Add New Comic Book */,
			);
			path = "lucien-ios";
			sourceTree = "<group>";
		};
		1CAFFC7A1F797FA200B79F11 /* lucien-iosTests */ = {
			isa = PBXGroup;
			children = (
				1CAFFC7B1F797FA200B79F11 /* lucien_iosTests.swift */,
				1CAFFC7D1F797FA200B79F11 /* Info.plist */,
			);
			path = "lucien-iosTests";
			sourceTree = "<group>";
		};
		1CAFFC851F797FA200B79F11 /* lucien-iosUITests */ = {
			isa = PBXGroup;
			children = (
				1CAFFC861F797FA200B79F11 /* lucien_iosUITests.swift */,
				1CAFFC881F797FA200B79F11 /* Info.plist */,
			);
			path = "lucien-iosUITests";
			sourceTree = "<group>";
		};
		1CDB6A251F79A52D003A2BB1 /* Add New Comic Book */ = {
			isa = PBXGroup;
			children = (
				1C70139F1F7A9A8600D88980 /* AddComicTableViewController.swift */,
				1C7013A01F7A9A8600D88980 /* AddComicTableViewController.xib */,
				1C7013A31F7A9AE600D88980 /* AddCoverTableViewCell.swift */,
				1C7013A41F7A9AE600D88980 /* AddCoverTableViewCell.xib */,
			);
			path = "Add New Comic Book";
			sourceTree = "<group>";
		};
		7FC9B6FD7C10765DEEAB2ACE /* Frameworks */ = {
			isa = PBXGroup;
			children = (
				964D4E26A56CF8BC634B2BBD /* Pods_lucien_ios.framework */,
				074BF9F99258AD884EC6794A /* Pods_lucien_iosTests.framework */,
				0D057BF04BE0EAF45ED19F37 /* Pods_lucien_iosUITests.framework */,
			);
			name = Frameworks;
			sourceTree = "<group>";
		};
		E4B55E31005133758D7C61EE /* Pods */ = {
			isa = PBXGroup;
			children = (
				20D48F3384B15989F6E46E08 /* Pods-lucien-ios.debug.xcconfig */,
				92F8CFA7BEAAC5917239D13C /* Pods-lucien-ios.release.xcconfig */,
				2083B8809618B8D581195F54 /* Pods-lucien-iosTests.debug.xcconfig */,
				E8801CCEE845676EFB1D691F /* Pods-lucien-iosTests.release.xcconfig */,
				24966642CEA9E5D05286C959 /* Pods-lucien-iosUITests.debug.xcconfig */,
				D0155DB8A114746D5EAA07B7 /* Pods-lucien-iosUITests.release.xcconfig */,
			);
			name = Pods;
			sourceTree = "<group>";
		};
		FB6B91191F7BEE9900910B49 /* LoginScreen */ = {
			isa = PBXGroup;
			children = (
				FBD844421F798B1D00A8E352 /* RootViewController.xib */,
				FBD844411F798B1D00A8E352 /* RootViewController.swift */,
				FB6B911A1F7C195000910B49 /* AnimatedTransition.swift */,
			);
			path = LoginScreen;
			sourceTree = "<group>";
		};
/* End PBXGroup section */

/* Begin PBXNativeTarget section */
		1CAFFC621F797FA200B79F11 /* lucien-ios */ = {
			isa = PBXNativeTarget;
			buildConfigurationList = 1CAFFC8B1F797FA200B79F11 /* Build configuration list for PBXNativeTarget "lucien-ios" */;
			buildPhases = (
				6012E2E7F822EDA32DC2390C /* [CP] Check Pods Manifest.lock */,
				1CAFFC5F1F797FA200B79F11 /* Sources */,
				1CAFFC601F797FA200B79F11 /* Frameworks */,
				1CAFFC611F797FA200B79F11 /* Resources */,
				04A7A7065278DFB1C5275839 /* [CP] Embed Pods Frameworks */,
				A5308BB8A1AC9CB36C8B023A /* [CP] Copy Pods Resources */,
				1CAFFC941F79869700B79F11 /* ShellScript */,
			);
			buildRules = (
			);
			dependencies = (
			);
			name = "lucien-ios";
			productName = "lucien-ios";
			productReference = 1CAFFC631F797FA200B79F11 /* lucien-ios.app */;
			productType = "com.apple.product-type.application";
		};
		1CAFFC761F797FA200B79F11 /* lucien-iosTests */ = {
			isa = PBXNativeTarget;
			buildConfigurationList = 1CAFFC8E1F797FA200B79F11 /* Build configuration list for PBXNativeTarget "lucien-iosTests" */;
			buildPhases = (
				55034B285AA4D85E2900E824 /* [CP] Check Pods Manifest.lock */,
				1CAFFC731F797FA200B79F11 /* Sources */,
				1CAFFC741F797FA200B79F11 /* Frameworks */,
				1CAFFC751F797FA200B79F11 /* Resources */,
				CF8ED31475D611AA1D8C86BB /* [CP] Embed Pods Frameworks */,
				3260A74BEFF47C54F092439D /* [CP] Copy Pods Resources */,
			);
			buildRules = (
			);
			dependencies = (
				1CAFFC791F797FA200B79F11 /* PBXTargetDependency */,
			);
			name = "lucien-iosTests";
			productName = "lucien-iosTests";
			productReference = 1CAFFC771F797FA200B79F11 /* lucien-iosTests.xctest */;
			productType = "com.apple.product-type.bundle.unit-test";
		};
		1CAFFC811F797FA200B79F11 /* lucien-iosUITests */ = {
			isa = PBXNativeTarget;
			buildConfigurationList = 1CAFFC911F797FA200B79F11 /* Build configuration list for PBXNativeTarget "lucien-iosUITests" */;
			buildPhases = (
				092DFBFF7FB4586C3ECE8E49 /* [CP] Check Pods Manifest.lock */,
				1CAFFC7E1F797FA200B79F11 /* Sources */,
				1CAFFC7F1F797FA200B79F11 /* Frameworks */,
				1CAFFC801F797FA200B79F11 /* Resources */,
				BEE3B140F79D9E54F4F06A25 /* [CP] Embed Pods Frameworks */,
				40D2208AB522F74E020F434E /* [CP] Copy Pods Resources */,
			);
			buildRules = (
			);
			dependencies = (
				1CAFFC841F797FA200B79F11 /* PBXTargetDependency */,
			);
			name = "lucien-iosUITests";
			productName = "lucien-iosUITests";
			productReference = 1CAFFC821F797FA200B79F11 /* lucien-iosUITests.xctest */;
			productType = "com.apple.product-type.bundle.ui-testing";
		};
/* End PBXNativeTarget section */

/* Begin PBXProject section */
		1CAFFC5B1F797FA200B79F11 /* Project object */ = {
			isa = PBXProject;
			attributes = {
				LastSwiftUpdateCheck = 0900;
				LastUpgradeCheck = 0900;
				ORGANIZATIONNAME = "Intrepid Pursuits";
				TargetAttributes = {
					1CAFFC621F797FA200B79F11 = {
						CreatedOnToolsVersion = 9.0;
						LastSwiftMigration = 0900;
						ProvisioningStyle = Automatic;
					};
					1CAFFC761F797FA200B79F11 = {
						CreatedOnToolsVersion = 9.0;
						ProvisioningStyle = Automatic;
						TestTargetID = 1CAFFC621F797FA200B79F11;
					};
					1CAFFC811F797FA200B79F11 = {
						CreatedOnToolsVersion = 9.0;
						ProvisioningStyle = Automatic;
						TestTargetID = 1CAFFC621F797FA200B79F11;
					};
				};
			};
			buildConfigurationList = 1CAFFC5E1F797FA200B79F11 /* Build configuration list for PBXProject "lucien-ios" */;
			compatibilityVersion = "Xcode 8.0";
			developmentRegion = en;
			hasScannedForEncodings = 0;
			knownRegions = (
				en,
				Base,
			);
			mainGroup = 1CAFFC5A1F797FA200B79F11;
			productRefGroup = 1CAFFC641F797FA200B79F11 /* Products */;
			projectDirPath = "";
			projectRoot = "";
			targets = (
				1CAFFC621F797FA200B79F11 /* lucien-ios */,
				1CAFFC761F797FA200B79F11 /* lucien-iosTests */,
				1CAFFC811F797FA200B79F11 /* lucien-iosUITests */,
			);
		};
/* End PBXProject section */

/* Begin PBXResourcesBuildPhase section */
		1CAFFC611F797FA200B79F11 /* Resources */ = {
			isa = PBXResourcesBuildPhase;
			buildActionMask = 2147483647;
			files = (
				1C7013A21F7A9A8600D88980 /* AddComicTableViewController.xib in Resources */,
				1CAFFC711F797FA200B79F11 /* LaunchScreen.storyboard in Resources */,
				1CAFFC6E1F797FA200B79F11 /* Assets.xcassets in Resources */,
				FBD844441F798B1D00A8E352 /* RootViewController.xib in Resources */,
				1CDB6A231F7995EC003A2BB1 /* StartMyCollectionViewController.xib in Resources */,
				1C7013A61F7A9AE600D88980 /* AddCoverTableViewCell.xib in Resources */,
			);
			runOnlyForDeploymentPostprocessing = 0;
		};
		1CAFFC751F797FA200B79F11 /* Resources */ = {
			isa = PBXResourcesBuildPhase;
			buildActionMask = 2147483647;
			files = (
			);
			runOnlyForDeploymentPostprocessing = 0;
		};
		1CAFFC801F797FA200B79F11 /* Resources */ = {
			isa = PBXResourcesBuildPhase;
			buildActionMask = 2147483647;
			files = (
			);
			runOnlyForDeploymentPostprocessing = 0;
		};
/* End PBXResourcesBuildPhase section */

/* Begin PBXShellScriptBuildPhase section */
		04A7A7065278DFB1C5275839 /* [CP] Embed Pods Frameworks */ = {
			isa = PBXShellScriptBuildPhase;
			buildActionMask = 2147483647;
			files = (
			);
			inputPaths = (
				"${SRCROOT}/Pods/Target Support Files/Pods-lucien-ios/Pods-lucien-ios-frameworks.sh",
				"${BUILT_PRODUCTS_DIR}/GTMOAuth2/GTMOAuth2.framework",
				"${BUILT_PRODUCTS_DIR}/GTMSessionFetcher/GTMSessionFetcher.framework",
				"${BUILT_PRODUCTS_DIR}/GoogleToolboxForMac/GoogleToolboxForMac.framework",
			);
			name = "[CP] Embed Pods Frameworks";
			outputPaths = (
				"${TARGET_BUILD_DIR}/${FRAMEWORKS_FOLDER_PATH}/GTMOAuth2.framework",
				"${TARGET_BUILD_DIR}/${FRAMEWORKS_FOLDER_PATH}/GTMSessionFetcher.framework",
				"${TARGET_BUILD_DIR}/${FRAMEWORKS_FOLDER_PATH}/GoogleToolboxForMac.framework",
			);
			runOnlyForDeploymentPostprocessing = 0;
			shellPath = /bin/sh;
			shellScript = "\"${SRCROOT}/Pods/Target Support Files/Pods-lucien-ios/Pods-lucien-ios-frameworks.sh\"\n";
			showEnvVarsInLog = 0;
		};
		092DFBFF7FB4586C3ECE8E49 /* [CP] Check Pods Manifest.lock */ = {
			isa = PBXShellScriptBuildPhase;
			buildActionMask = 2147483647;
			files = (
			);
			inputPaths = (
				"${PODS_PODFILE_DIR_PATH}/Podfile.lock",
				"${PODS_ROOT}/Manifest.lock",
			);
			name = "[CP] Check Pods Manifest.lock";
			outputPaths = (
				"$(DERIVED_FILE_DIR)/Pods-lucien-iosUITests-checkManifestLockResult.txt",
			);
			runOnlyForDeploymentPostprocessing = 0;
			shellPath = /bin/sh;
			shellScript = "diff \"${PODS_PODFILE_DIR_PATH}/Podfile.lock\" \"${PODS_ROOT}/Manifest.lock\" > /dev/null\nif [ $? != 0 ] ; then\n    # print error to STDERR\n    echo \"error: The sandbox is not in sync with the Podfile.lock. Run 'pod install' or update your CocoaPods installation.\" >&2\n    exit 1\nfi\n# This output is used by Xcode 'outputs' to avoid re-running this script phase.\necho \"SUCCESS\" > \"${SCRIPT_OUTPUT_FILE_0}\"\n";
			showEnvVarsInLog = 0;
		};
		1CAFFC941F79869700B79F11 /* ShellScript */ = {
			isa = PBXShellScriptBuildPhase;
			buildActionMask = 2147483647;
			files = (
			);
			inputPaths = (
			);
			outputPaths = (
			);
			runOnlyForDeploymentPostprocessing = 0;
			shellPath = /bin/sh;
			shellScript = "if which swiftlint >/dev/null; then\nswiftlint\nelse\necho \"warning: SwiftLint not installed, download from https://github.com/realm/SwiftLint\"\nfi";
		};
		3260A74BEFF47C54F092439D /* [CP] Copy Pods Resources */ = {
			isa = PBXShellScriptBuildPhase;
			buildActionMask = 2147483647;
			files = (
			);
			inputPaths = (
			);
			name = "[CP] Copy Pods Resources";
			outputPaths = (
			);
			runOnlyForDeploymentPostprocessing = 0;
			shellPath = /bin/sh;
			shellScript = "\"${SRCROOT}/Pods/Target Support Files/Pods-lucien-iosTests/Pods-lucien-iosTests-resources.sh\"\n";
			showEnvVarsInLog = 0;
		};
		40D2208AB522F74E020F434E /* [CP] Copy Pods Resources */ = {
			isa = PBXShellScriptBuildPhase;
			buildActionMask = 2147483647;
			files = (
			);
			inputPaths = (
			);
			name = "[CP] Copy Pods Resources";
			outputPaths = (
			);
			runOnlyForDeploymentPostprocessing = 0;
			shellPath = /bin/sh;
			shellScript = "\"${SRCROOT}/Pods/Target Support Files/Pods-lucien-iosUITests/Pods-lucien-iosUITests-resources.sh\"\n";
			showEnvVarsInLog = 0;
		};
		55034B285AA4D85E2900E824 /* [CP] Check Pods Manifest.lock */ = {
			isa = PBXShellScriptBuildPhase;
			buildActionMask = 2147483647;
			files = (
			);
			inputPaths = (
				"${PODS_PODFILE_DIR_PATH}/Podfile.lock",
				"${PODS_ROOT}/Manifest.lock",
			);
			name = "[CP] Check Pods Manifest.lock";
			outputPaths = (
				"$(DERIVED_FILE_DIR)/Pods-lucien-iosTests-checkManifestLockResult.txt",
			);
			runOnlyForDeploymentPostprocessing = 0;
			shellPath = /bin/sh;
			shellScript = "diff \"${PODS_PODFILE_DIR_PATH}/Podfile.lock\" \"${PODS_ROOT}/Manifest.lock\" > /dev/null\nif [ $? != 0 ] ; then\n    # print error to STDERR\n    echo \"error: The sandbox is not in sync with the Podfile.lock. Run 'pod install' or update your CocoaPods installation.\" >&2\n    exit 1\nfi\n# This output is used by Xcode 'outputs' to avoid re-running this script phase.\necho \"SUCCESS\" > \"${SCRIPT_OUTPUT_FILE_0}\"\n";
			showEnvVarsInLog = 0;
		};
		6012E2E7F822EDA32DC2390C /* [CP] Check Pods Manifest.lock */ = {
			isa = PBXShellScriptBuildPhase;
			buildActionMask = 2147483647;
			files = (
			);
			inputPaths = (
				"${PODS_PODFILE_DIR_PATH}/Podfile.lock",
				"${PODS_ROOT}/Manifest.lock",
			);
			name = "[CP] Check Pods Manifest.lock";
			outputPaths = (
				"$(DERIVED_FILE_DIR)/Pods-lucien-ios-checkManifestLockResult.txt",
			);
			runOnlyForDeploymentPostprocessing = 0;
			shellPath = /bin/sh;
			shellScript = "diff \"${PODS_PODFILE_DIR_PATH}/Podfile.lock\" \"${PODS_ROOT}/Manifest.lock\" > /dev/null\nif [ $? != 0 ] ; then\n    # print error to STDERR\n    echo \"error: The sandbox is not in sync with the Podfile.lock. Run 'pod install' or update your CocoaPods installation.\" >&2\n    exit 1\nfi\n# This output is used by Xcode 'outputs' to avoid re-running this script phase.\necho \"SUCCESS\" > \"${SCRIPT_OUTPUT_FILE_0}\"\n";
			showEnvVarsInLog = 0;
		};
		A5308BB8A1AC9CB36C8B023A /* [CP] Copy Pods Resources */ = {
			isa = PBXShellScriptBuildPhase;
			buildActionMask = 2147483647;
			files = (
			);
			inputPaths = (
				"${SRCROOT}/Pods/Target Support Files/Pods-lucien-ios/Pods-lucien-ios-resources.sh",
				"${PODS_ROOT}/GoogleSignIn/Resources/GoogleSignIn.bundle",
			);
			name = "[CP] Copy Pods Resources";
			outputPaths = (
				"${TARGET_BUILD_DIR}/${UNLOCALIZED_RESOURCES_FOLDER_PATH}",
			);
			runOnlyForDeploymentPostprocessing = 0;
			shellPath = /bin/sh;
			shellScript = "\"${SRCROOT}/Pods/Target Support Files/Pods-lucien-ios/Pods-lucien-ios-resources.sh\"\n";
			showEnvVarsInLog = 0;
		};
		BEE3B140F79D9E54F4F06A25 /* [CP] Embed Pods Frameworks */ = {
			isa = PBXShellScriptBuildPhase;
			buildActionMask = 2147483647;
			files = (
			);
			inputPaths = (
			);
			name = "[CP] Embed Pods Frameworks";
			outputPaths = (
			);
			runOnlyForDeploymentPostprocessing = 0;
			shellPath = /bin/sh;
			shellScript = "\"${SRCROOT}/Pods/Target Support Files/Pods-lucien-iosUITests/Pods-lucien-iosUITests-frameworks.sh\"\n";
			showEnvVarsInLog = 0;
		};
		CF8ED31475D611AA1D8C86BB /* [CP] Embed Pods Frameworks */ = {
			isa = PBXShellScriptBuildPhase;
			buildActionMask = 2147483647;
			files = (
			);
			inputPaths = (
			);
			name = "[CP] Embed Pods Frameworks";
			outputPaths = (
			);
			runOnlyForDeploymentPostprocessing = 0;
			shellPath = /bin/sh;
			shellScript = "\"${SRCROOT}/Pods/Target Support Files/Pods-lucien-iosTests/Pods-lucien-iosTests-frameworks.sh\"\n";
			showEnvVarsInLog = 0;
		};
/* End PBXShellScriptBuildPhase section */

/* Begin PBXSourcesBuildPhase section */
		1CAFFC5F1F797FA200B79F11 /* Sources */ = {
			isa = PBXSourcesBuildPhase;
			buildActionMask = 2147483647;
			files = (
				1CDB6A221F7995EC003A2BB1 /* StartMyCollectionViewController.swift in Sources */,
				FB6B911B1F7C195000910B49 /* AnimatedTransition.swift in Sources */,
				1C7013A51F7A9AE600D88980 /* AddCoverTableViewCell.swift in Sources */,
				1C7013A11F7A9A8600D88980 /* AddComicTableViewController.swift in Sources */,
				FBD844431F798B1D00A8E352 /* RootViewController.swift in Sources */,
				1CAFFC671F797FA200B79F11 /* AppDelegate.swift in Sources */,
			);
			runOnlyForDeploymentPostprocessing = 0;
		};
		1CAFFC731F797FA200B79F11 /* Sources */ = {
			isa = PBXSourcesBuildPhase;
			buildActionMask = 2147483647;
			files = (
				1CAFFC7C1F797FA200B79F11 /* lucien_iosTests.swift in Sources */,
			);
			runOnlyForDeploymentPostprocessing = 0;
		};
		1CAFFC7E1F797FA200B79F11 /* Sources */ = {
			isa = PBXSourcesBuildPhase;
			buildActionMask = 2147483647;
			files = (
				1CAFFC871F797FA200B79F11 /* lucien_iosUITests.swift in Sources */,
			);
			runOnlyForDeploymentPostprocessing = 0;
		};
/* End PBXSourcesBuildPhase section */

/* Begin PBXTargetDependency section */
		1CAFFC791F797FA200B79F11 /* PBXTargetDependency */ = {
			isa = PBXTargetDependency;
			target = 1CAFFC621F797FA200B79F11 /* lucien-ios */;
			targetProxy = 1CAFFC781F797FA200B79F11 /* PBXContainerItemProxy */;
		};
		1CAFFC841F797FA200B79F11 /* PBXTargetDependency */ = {
			isa = PBXTargetDependency;
			target = 1CAFFC621F797FA200B79F11 /* lucien-ios */;
			targetProxy = 1CAFFC831F797FA200B79F11 /* PBXContainerItemProxy */;
		};
/* End PBXTargetDependency section */

/* Begin PBXVariantGroup section */
		1CAFFC6F1F797FA200B79F11 /* LaunchScreen.storyboard */ = {
			isa = PBXVariantGroup;
			children = (
				1CAFFC701F797FA200B79F11 /* Base */,
			);
			name = LaunchScreen.storyboard;
			sourceTree = "<group>";
		};
/* End PBXVariantGroup section */

/* Begin XCBuildConfiguration section */
		1CAFFC891F797FA200B79F11 /* Debug */ = {
			isa = XCBuildConfiguration;
			buildSettings = {
				ALWAYS_SEARCH_USER_PATHS = NO;
				CLANG_ANALYZER_NONNULL = YES;
				CLANG_ANALYZER_NUMBER_OBJECT_CONVERSION = YES_AGGRESSIVE;
				CLANG_CXX_LANGUAGE_STANDARD = "gnu++14";
				CLANG_CXX_LIBRARY = "libc++";
				CLANG_ENABLE_MODULES = YES;
				CLANG_ENABLE_OBJC_ARC = YES;
				CLANG_WARN_BLOCK_CAPTURE_AUTORELEASING = YES;
				CLANG_WARN_BOOL_CONVERSION = YES;
				CLANG_WARN_COMMA = YES;
				CLANG_WARN_CONSTANT_CONVERSION = YES;
				CLANG_WARN_DIRECT_OBJC_ISA_USAGE = YES_ERROR;
				CLANG_WARN_DOCUMENTATION_COMMENTS = YES;
				CLANG_WARN_EMPTY_BODY = YES;
				CLANG_WARN_ENUM_CONVERSION = YES;
				CLANG_WARN_INFINITE_RECURSION = YES;
				CLANG_WARN_INT_CONVERSION = YES;
				CLANG_WARN_NON_LITERAL_NULL_CONVERSION = YES;
				CLANG_WARN_OBJC_LITERAL_CONVERSION = YES;
				CLANG_WARN_OBJC_ROOT_CLASS = YES_ERROR;
				CLANG_WARN_RANGE_LOOP_ANALYSIS = YES;
				CLANG_WARN_STRICT_PROTOTYPES = YES;
				CLANG_WARN_SUSPICIOUS_MOVE = YES;
				CLANG_WARN_UNGUARDED_AVAILABILITY = YES_AGGRESSIVE;
				CLANG_WARN_UNREACHABLE_CODE = YES;
				CLANG_WARN__DUPLICATE_METHOD_MATCH = YES;
				CODE_SIGN_IDENTITY = "iPhone Developer";
				COPY_PHASE_STRIP = NO;
				DEBUG_INFORMATION_FORMAT = dwarf;
				ENABLE_STRICT_OBJC_MSGSEND = YES;
				ENABLE_TESTABILITY = YES;
				GCC_C_LANGUAGE_STANDARD = gnu11;
				GCC_DYNAMIC_NO_PIC = NO;
				GCC_NO_COMMON_BLOCKS = YES;
				GCC_OPTIMIZATION_LEVEL = 0;
				GCC_PREPROCESSOR_DEFINITIONS = (
					"DEBUG=1",
					"$(inherited)",
				);
				GCC_WARN_64_TO_32_BIT_CONVERSION = YES;
				GCC_WARN_ABOUT_RETURN_TYPE = YES_ERROR;
				GCC_WARN_UNDECLARED_SELECTOR = YES;
				GCC_WARN_UNINITIALIZED_AUTOS = YES_AGGRESSIVE;
				GCC_WARN_UNUSED_FUNCTION = YES;
				GCC_WARN_UNUSED_VARIABLE = YES;
				IPHONEOS_DEPLOYMENT_TARGET = 11.0;
				MTL_ENABLE_DEBUG_INFO = YES;
				ONLY_ACTIVE_ARCH = YES;
				SDKROOT = iphoneos;
				SWIFT_ACTIVE_COMPILATION_CONDITIONS = DEBUG;
				SWIFT_OPTIMIZATION_LEVEL = "-Onone";
			};
			name = Debug;
		};
		1CAFFC8A1F797FA200B79F11 /* Release */ = {
			isa = XCBuildConfiguration;
			buildSettings = {
				ALWAYS_SEARCH_USER_PATHS = NO;
				CLANG_ANALYZER_NONNULL = YES;
				CLANG_ANALYZER_NUMBER_OBJECT_CONVERSION = YES_AGGRESSIVE;
				CLANG_CXX_LANGUAGE_STANDARD = "gnu++14";
				CLANG_CXX_LIBRARY = "libc++";
				CLANG_ENABLE_MODULES = YES;
				CLANG_ENABLE_OBJC_ARC = YES;
				CLANG_WARN_BLOCK_CAPTURE_AUTORELEASING = YES;
				CLANG_WARN_BOOL_CONVERSION = YES;
				CLANG_WARN_COMMA = YES;
				CLANG_WARN_CONSTANT_CONVERSION = YES;
				CLANG_WARN_DIRECT_OBJC_ISA_USAGE = YES_ERROR;
				CLANG_WARN_DOCUMENTATION_COMMENTS = YES;
				CLANG_WARN_EMPTY_BODY = YES;
				CLANG_WARN_ENUM_CONVERSION = YES;
				CLANG_WARN_INFINITE_RECURSION = YES;
				CLANG_WARN_INT_CONVERSION = YES;
				CLANG_WARN_NON_LITERAL_NULL_CONVERSION = YES;
				CLANG_WARN_OBJC_LITERAL_CONVERSION = YES;
				CLANG_WARN_OBJC_ROOT_CLASS = YES_ERROR;
				CLANG_WARN_RANGE_LOOP_ANALYSIS = YES;
				CLANG_WARN_STRICT_PROTOTYPES = YES;
				CLANG_WARN_SUSPICIOUS_MOVE = YES;
				CLANG_WARN_UNGUARDED_AVAILABILITY = YES_AGGRESSIVE;
				CLANG_WARN_UNREACHABLE_CODE = YES;
				CLANG_WARN__DUPLICATE_METHOD_MATCH = YES;
				CODE_SIGN_IDENTITY = "iPhone Developer";
				COPY_PHASE_STRIP = NO;
				DEBUG_INFORMATION_FORMAT = "dwarf-with-dsym";
				ENABLE_NS_ASSERTIONS = NO;
				ENABLE_STRICT_OBJC_MSGSEND = YES;
				GCC_C_LANGUAGE_STANDARD = gnu11;
				GCC_NO_COMMON_BLOCKS = YES;
				GCC_WARN_64_TO_32_BIT_CONVERSION = YES;
				GCC_WARN_ABOUT_RETURN_TYPE = YES_ERROR;
				GCC_WARN_UNDECLARED_SELECTOR = YES;
				GCC_WARN_UNINITIALIZED_AUTOS = YES_AGGRESSIVE;
				GCC_WARN_UNUSED_FUNCTION = YES;
				GCC_WARN_UNUSED_VARIABLE = YES;
				IPHONEOS_DEPLOYMENT_TARGET = 11.0;
				MTL_ENABLE_DEBUG_INFO = NO;
				SDKROOT = iphoneos;
				SWIFT_OPTIMIZATION_LEVEL = "-Owholemodule";
				VALIDATE_PRODUCT = YES;
			};
			name = Release;
		};
		1CAFFC8C1F797FA200B79F11 /* Debug */ = {
			isa = XCBuildConfiguration;
			baseConfigurationReference = 20D48F3384B15989F6E46E08 /* Pods-lucien-ios.debug.xcconfig */;
			buildSettings = {
				ASSETCATALOG_COMPILER_APPICON_NAME = AppIcon;
				CLANG_ENABLE_MODULES = YES;
				CODE_SIGN_STYLE = Automatic;
				DEVELOPMENT_TEAM = THP5EV5EJ9;
				INFOPLIST_FILE = "lucien-ios/Info.plist";
				LD_RUNPATH_SEARCH_PATHS = "$(inherited) @executable_path/Frameworks";
				PRODUCT_BUNDLE_IDENTIFIER = "lucien.lucien-ios";
				PRODUCT_NAME = "$(TARGET_NAME)";
				SWIFT_OBJC_BRIDGING_HEADER = "lucien-ios/lucien-ios-Bridging-Header.h";
				SWIFT_OPTIMIZATION_LEVEL = "-Onone";
				SWIFT_VERSION = 4.0;
				TARGETED_DEVICE_FAMILY = "1,2";
			};
			name = Debug;
		};
		1CAFFC8D1F797FA200B79F11 /* Release */ = {
			isa = XCBuildConfiguration;
			baseConfigurationReference = 92F8CFA7BEAAC5917239D13C /* Pods-lucien-ios.release.xcconfig */;
			buildSettings = {
				ASSETCATALOG_COMPILER_APPICON_NAME = AppIcon;
				CLANG_ENABLE_MODULES = YES;
				CODE_SIGN_STYLE = Automatic;
				DEVELOPMENT_TEAM = THP5EV5EJ9;
				INFOPLIST_FILE = "lucien-ios/Info.plist";
				LD_RUNPATH_SEARCH_PATHS = "$(inherited) @executable_path/Frameworks";
				PRODUCT_BUNDLE_IDENTIFIER = "lucien.lucien-ios";
				PRODUCT_NAME = "$(TARGET_NAME)";
				SWIFT_OBJC_BRIDGING_HEADER = "lucien-ios/lucien-ios-Bridging-Header.h";
				SWIFT_VERSION = 4.0;
				TARGETED_DEVICE_FAMILY = "1,2";
			};
			name = Release;
		};
		1CAFFC8F1F797FA200B79F11 /* Debug */ = {
			isa = XCBuildConfiguration;
			baseConfigurationReference = 2083B8809618B8D581195F54 /* Pods-lucien-iosTests.debug.xcconfig */;
			buildSettings = {
				ALWAYS_EMBED_SWIFT_STANDARD_LIBRARIES = YES;
				BUNDLE_LOADER = "$(TEST_HOST)";
				CODE_SIGN_STYLE = Automatic;
				DEVELOPMENT_TEAM = THP5EV5EJ9;
				INFOPLIST_FILE = "lucien-iosTests/Info.plist";
				LD_RUNPATH_SEARCH_PATHS = "$(inherited) @executable_path/Frameworks @loader_path/Frameworks";
				PRODUCT_BUNDLE_IDENTIFIER = "lucien.lucien-iosTests";
				PRODUCT_NAME = "$(TARGET_NAME)";
				SWIFT_VERSION = 4.0;
				TARGETED_DEVICE_FAMILY = "1,2";
				TEST_HOST = "$(BUILT_PRODUCTS_DIR)/lucien-ios.app/lucien-ios";
			};
			name = Debug;
		};
		1CAFFC901F797FA200B79F11 /* Release */ = {
			isa = XCBuildConfiguration;
			baseConfigurationReference = E8801CCEE845676EFB1D691F /* Pods-lucien-iosTests.release.xcconfig */;
			buildSettings = {
				ALWAYS_EMBED_SWIFT_STANDARD_LIBRARIES = YES;
				BUNDLE_LOADER = "$(TEST_HOST)";
				CODE_SIGN_STYLE = Automatic;
				DEVELOPMENT_TEAM = THP5EV5EJ9;
				INFOPLIST_FILE = "lucien-iosTests/Info.plist";
				LD_RUNPATH_SEARCH_PATHS = "$(inherited) @executable_path/Frameworks @loader_path/Frameworks";
				PRODUCT_BUNDLE_IDENTIFIER = "lucien.lucien-iosTests";
				PRODUCT_NAME = "$(TARGET_NAME)";
				SWIFT_VERSION = 4.0;
				TARGETED_DEVICE_FAMILY = "1,2";
				TEST_HOST = "$(BUILT_PRODUCTS_DIR)/lucien-ios.app/lucien-ios";
			};
			name = Release;
		};
		1CAFFC921F797FA200B79F11 /* Debug */ = {
			isa = XCBuildConfiguration;
			baseConfigurationReference = 24966642CEA9E5D05286C959 /* Pods-lucien-iosUITests.debug.xcconfig */;
			buildSettings = {
				ALWAYS_EMBED_SWIFT_STANDARD_LIBRARIES = YES;
				CODE_SIGN_STYLE = Automatic;
				DEVELOPMENT_TEAM = THP5EV5EJ9;
				INFOPLIST_FILE = "lucien-iosUITests/Info.plist";
				LD_RUNPATH_SEARCH_PATHS = "$(inherited) @executable_path/Frameworks @loader_path/Frameworks";
				PRODUCT_BUNDLE_IDENTIFIER = "lucien.lucien-iosUITests";
				PRODUCT_NAME = "$(TARGET_NAME)";
				SWIFT_VERSION = 4.0;
				TARGETED_DEVICE_FAMILY = "1,2";
				TEST_TARGET_NAME = "lucien-ios";
			};
			name = Debug;
		};
		1CAFFC931F797FA200B79F11 /* Release */ = {
			isa = XCBuildConfiguration;
			baseConfigurationReference = D0155DB8A114746D5EAA07B7 /* Pods-lucien-iosUITests.release.xcconfig */;
			buildSettings = {
				ALWAYS_EMBED_SWIFT_STANDARD_LIBRARIES = YES;
				CODE_SIGN_STYLE = Automatic;
				DEVELOPMENT_TEAM = THP5EV5EJ9;
				INFOPLIST_FILE = "lucien-iosUITests/Info.plist";
				LD_RUNPATH_SEARCH_PATHS = "$(inherited) @executable_path/Frameworks @loader_path/Frameworks";
				PRODUCT_BUNDLE_IDENTIFIER = "lucien.lucien-iosUITests";
				PRODUCT_NAME = "$(TARGET_NAME)";
				SWIFT_VERSION = 4.0;
				TARGETED_DEVICE_FAMILY = "1,2";
				TEST_TARGET_NAME = "lucien-ios";
			};
			name = Release;
		};
/* End XCBuildConfiguration section */

/* Begin XCConfigurationList section */
		1CAFFC5E1F797FA200B79F11 /* Build configuration list for PBXProject "lucien-ios" */ = {
			isa = XCConfigurationList;
			buildConfigurations = (
				1CAFFC891F797FA200B79F11 /* Debug */,
				1CAFFC8A1F797FA200B79F11 /* Release */,
			);
			defaultConfigurationIsVisible = 0;
			defaultConfigurationName = Release;
		};
		1CAFFC8B1F797FA200B79F11 /* Build configuration list for PBXNativeTarget "lucien-ios" */ = {
			isa = XCConfigurationList;
			buildConfigurations = (
				1CAFFC8C1F797FA200B79F11 /* Debug */,
				1CAFFC8D1F797FA200B79F11 /* Release */,
			);
			defaultConfigurationIsVisible = 0;
			defaultConfigurationName = Release;
		};
		1CAFFC8E1F797FA200B79F11 /* Build configuration list for PBXNativeTarget "lucien-iosTests" */ = {
			isa = XCConfigurationList;
			buildConfigurations = (
				1CAFFC8F1F797FA200B79F11 /* Debug */,
				1CAFFC901F797FA200B79F11 /* Release */,
			);
			defaultConfigurationIsVisible = 0;
			defaultConfigurationName = Release;
		};
		1CAFFC911F797FA200B79F11 /* Build configuration list for PBXNativeTarget "lucien-iosUITests" */ = {
			isa = XCConfigurationList;
			buildConfigurations = (
				1CAFFC921F797FA200B79F11 /* Debug */,
				1CAFFC931F797FA200B79F11 /* Release */,
			);
			defaultConfigurationIsVisible = 0;
			defaultConfigurationName = Release;
		};
/* End XCConfigurationList section */
	};
	rootObject = 1CAFFC5B1F797FA200B79F11 /* Project object */;
}
